// !$*UTF8*$!
{
	archiveVersion = 1;
	classes = {
	};
	objectVersion = 46;
	objects = {

/* Begin PBXBuildFile section */
		11DBFE161EAA26FE004814F2 /* AppDelegate.swift in Sources */ = {isa = PBXBuildFile; fileRef = 11DBFE151EAA26FE004814F2 /* AppDelegate.swift */; };
		11DBFE181EAA26FE004814F2 /* ViewController.swift in Sources */ = {isa = PBXBuildFile; fileRef = 11DBFE171EAA26FE004814F2 /* ViewController.swift */; };
		11DBFE1B1EAA26FE004814F2 /* Main.storyboard in Resources */ = {isa = PBXBuildFile; fileRef = 11DBFE191EAA26FE004814F2 /* Main.storyboard */; };
		11DBFE1D1EAA26FE004814F2 /* Assets.xcassets in Resources */ = {isa = PBXBuildFile; fileRef = 11DBFE1C1EAA26FE004814F2 /* Assets.xcassets */; };
		11DBFE201EAA26FE004814F2 /* LaunchScreen.storyboard in Resources */ = {isa = PBXBuildFile; fileRef = 11DBFE1E1EAA26FE004814F2 /* LaunchScreen.storyboard */; };
		11DBFE2B1EAA26FE004814F2 /* Marine_Insight_iOSTests.swift in Sources */ = {isa = PBXBuildFile; fileRef = 11DBFE2A1EAA26FE004814F2 /* Marine_Insight_iOSTests.swift */; };
		11DBFE361EAA26FE004814F2 /* Marine_Insight_iOSUITests.swift in Sources */ = {isa = PBXBuildFile; fileRef = 11DBFE351EAA26FE004814F2 /* Marine_Insight_iOSUITests.swift */; };
/* End PBXBuildFile section */

/* Begin PBXContainerItemProxy section */
		11DBFE271EAA26FE004814F2 /* PBXContainerItemProxy */ = {
			isa = PBXContainerItemProxy;
			containerPortal = 11DBFE0A1EAA26FE004814F2 /* Project object */;
			proxyType = 1;
			remoteGlobalIDString = 11DBFE111EAA26FE004814F2;
			remoteInfo = "Marine Insight iOS";
		};
		11DBFE321EAA26FE004814F2 /* PBXContainerItemProxy */ = {
			isa = PBXContainerItemProxy;
			containerPortal = 11DBFE0A1EAA26FE004814F2 /* Project object */;
			proxyType = 1;
			remoteGlobalIDString = 11DBFE111EAA26FE004814F2;
			remoteInfo = "Marine Insight iOS";
		};
/* End PBXContainerItemProxy section */

/* Begin PBXFileReference section */
		11DBFE121EAA26FE004814F2 /* Marine Insight iOS.app */ = {isa = PBXFileReference; explicitFileType = wrapper.application; includeInIndex = 0; path = "Marine Insight iOS.app"; sourceTree = BUILT_PRODUCTS_DIR; };
		11DBFE151EAA26FE004814F2 /* AppDelegate.swift */ = {isa = PBXFileReference; lastKnownFileType = sourcecode.swift; path = AppDelegate.swift; sourceTree = "<group>"; };
		11DBFE171EAA26FE004814F2 /* ViewController.swift */ = {isa = PBXFileReference; lastKnownFileType = sourcecode.swift; path = ViewController.swift; sourceTree = "<group>"; };
		11DBFE1A1EAA26FE004814F2 /* Base */ = {isa = PBXFileReference; lastKnownFileType = file.storyboard; name = Base; path = Base.lproj/Main.storyboard; sourceTree = "<group>"; };
		11DBFE1C1EAA26FE004814F2 /* Assets.xcassets */ = {isa = PBXFileReference; lastKnownFileType = folder.assetcatalog; path = Assets.xcassets; sourceTree = "<group>"; };
		11DBFE1F1EAA26FE004814F2 /* Base */ = {isa = PBXFileReference; lastKnownFileType = file.storyboard; name = Base; path = Base.lproj/LaunchScreen.storyboard; sourceTree = "<group>"; };
		11DBFE211EAA26FE004814F2 /* Info.plist */ = {isa = PBXFileReference; lastKnownFileType = text.plist.xml; path = Info.plist; sourceTree = "<group>"; };
		11DBFE261EAA26FE004814F2 /* Marine Insight iOSTests.xctest */ = {isa = PBXFileReference; explicitFileType = wrapper.cfbundle; includeInIndex = 0; path = "Marine Insight iOSTests.xctest"; sourceTree = BUILT_PRODUCTS_DIR; };
		11DBFE2A1EAA26FE004814F2 /* Marine_Insight_iOSTests.swift */ = {isa = PBXFileReference; lastKnownFileType = sourcecode.swift; path = Marine_Insight_iOSTests.swift; sourceTree = "<group>"; };
		11DBFE2C1EAA26FE004814F2 /* Info.plist */ = {isa = PBXFileReference; lastKnownFileType = text.plist.xml; path = Info.plist; sourceTree = "<group>"; };
		11DBFE311EAA26FE004814F2 /* Marine Insight iOSUITests.xctest */ = {isa = PBXFileReference; explicitFileType = wrapper.cfbundle; includeInIndex = 0; path = "Marine Insight iOSUITests.xctest"; sourceTree = BUILT_PRODUCTS_DIR; };
		11DBFE351EAA26FE004814F2 /* Marine_Insight_iOSUITests.swift */ = {isa = PBXFileReference; lastKnownFileType = sourcecode.swift; path = Marine_Insight_iOSUITests.swift; sourceTree = "<group>"; };
		11DBFE371EAA26FE004814F2 /* Info.plist */ = {isa = PBXFileReference; lastKnownFileType = text.plist.xml; path = Info.plist; sourceTree = "<group>"; };
/* End PBXFileReference section */

/* Begin PBXFrameworksBuildPhase section */
		11DBFE0F1EAA26FE004814F2 /* Frameworks */ = {
			isa = PBXFrameworksBuildPhase;
			buildActionMask = 2147483647;
			files = (
			);
			runOnlyForDeploymentPostprocessing = 0;
		};
		11DBFE231EAA26FE004814F2 /* Frameworks */ = {
			isa = PBXFrameworksBuildPhase;
			buildActionMask = 2147483647;
			files = (
			);
			runOnlyForDeploymentPostprocessing = 0;
		};
		11DBFE2E1EAA26FE004814F2 /* Frameworks */ = {
			isa = PBXFrameworksBuildPhase;
			buildActionMask = 2147483647;
			files = (
			);
			runOnlyForDeploymentPostprocessing = 0;
		};
/* End PBXFrameworksBuildPhase section */

/* Begin PBXGroup section */
		11DBFE091EAA26FE004814F2 = {
			isa = PBXGroup;
			children = (
				11DBFE141EAA26FE004814F2 /* Marine Insight iOS */,
				11DBFE291EAA26FE004814F2 /* Marine Insight iOSTests */,
				11DBFE341EAA26FE004814F2 /* Marine Insight iOSUITests */,
				11DBFE131EAA26FE004814F2 /* Products */,
			);
			sourceTree = "<group>";
		};
		11DBFE131EAA26FE004814F2 /* Products */ = {
			isa = PBXGroup;
			children = (
				11DBFE121EAA26FE004814F2 /* Marine Insight iOS.app */,
				11DBFE261EAA26FE004814F2 /* Marine Insight iOSTests.xctest */,
				11DBFE311EAA26FE004814F2 /* Marine Insight iOSUITests.xctest */,
			);
			name = Products;
			sourceTree = "<group>";
		};
		11DBFE141EAA26FE004814F2 /* Marine Insight iOS */ = {
			isa = PBXGroup;
			children = (
				11DBFE151EAA26FE004814F2 /* AppDelegate.swift */,
				11DBFE171EAA26FE004814F2 /* ViewController.swift */,
				11DBFE191EAA26FE004814F2 /* Main.storyboard */,
				11DBFE1C1EAA26FE004814F2 /* Assets.xcassets */,
				11DBFE1E1EAA26FE004814F2 /* LaunchScreen.storyboard */,
				11DBFE211EAA26FE004814F2 /* Info.plist */,
			);
			path = "Marine Insight iOS";
			sourceTree = "<group>";
		};
		11DBFE291EAA26FE004814F2 /* Marine Insight iOSTests */ = {
			isa = PBXGroup;
			children = (
				11DBFE2A1EAA26FE004814F2 /* Marine_Insight_iOSTests.swift */,
				11DBFE2C1EAA26FE004814F2 /* Info.plist */,
			);
			path = "Marine Insight iOSTests";
			sourceTree = "<group>";
		};
		11DBFE341EAA26FE004814F2 /* Marine Insight iOSUITests */ = {
			isa = PBXGroup;
			children = (
				11DBFE351EAA26FE004814F2 /* Marine_Insight_iOSUITests.swift */,
				11DBFE371EAA26FE004814F2 /* Info.plist */,
			);
			path = "Marine Insight iOSUITests";
			sourceTree = "<group>";
		};
/* End PBXGroup section */

/* Begin PBXNativeTarget section */
		11DBFE111EAA26FE004814F2 /* Marine Insight iOS */ = {
			isa = PBXNativeTarget;
			buildConfigurationList = 11DBFE3A1EAA26FE004814F2 /* Build configuration list for PBXNativeTarget "Marine Insight iOS" */;
			buildPhases = (
				11DBFE0E1EAA26FE004814F2 /* Sources */,
				11DBFE0F1EAA26FE004814F2 /* Frameworks */,
				11DBFE101EAA26FE004814F2 /* Resources */,
			);
			buildRules = (
			);
			dependencies = (
			);
			name = "Marine Insight iOS";
			productName = "Marine Insight iOS";
			productReference = 11DBFE121EAA26FE004814F2 /* Marine Insight iOS.app */;
			productType = "com.apple.product-type.application";
		};
		11DBFE251EAA26FE004814F2 /* Marine Insight iOSTests */ = {
			isa = PBXNativeTarget;
			buildConfigurationList = 11DBFE3D1EAA26FE004814F2 /* Build configuration list for PBXNativeTarget "Marine Insight iOSTests" */;
			buildPhases = (
				11DBFE221EAA26FE004814F2 /* Sources */,
				11DBFE231EAA26FE004814F2 /* Frameworks */,
				11DBFE241EAA26FE004814F2 /* Resources */,
			);
			buildRules = (
			);
			dependencies = (
				11DBFE281EAA26FE004814F2 /* PBXTargetDependency */,
			);
			name = "Marine Insight iOSTests";
			productName = "Marine Insight iOSTests";
			productReference = 11DBFE261EAA26FE004814F2 /* Marine Insight iOSTests.xctest */;
			productType = "com.apple.product-type.bundle.unit-test";
		};
		11DBFE301EAA26FE004814F2 /* Marine Insight iOSUITests */ = {
			isa = PBXNativeTarget;
			buildConfigurationList = 11DBFE401EAA26FE004814F2 /* Build configuration list for PBXNativeTarget "Marine Insight iOSUITests" */;
			buildPhases = (
				11DBFE2D1EAA26FE004814F2 /* Sources */,
				11DBFE2E1EAA26FE004814F2 /* Frameworks */,
				11DBFE2F1EAA26FE004814F2 /* Resources */,
			);
			buildRules = (
			);
			dependencies = (
				11DBFE331EAA26FE004814F2 /* PBXTargetDependency */,
			);
			name = "Marine Insight iOSUITests";
			productName = "Marine Insight iOSUITests";
			productReference = 11DBFE311EAA26FE004814F2 /* Marine Insight iOSUITests.xctest */;
			productType = "com.apple.product-type.bundle.ui-testing";
		};
/* End PBXNativeTarget section */

/* Begin PBXProject section */
		11DBFE0A1EAA26FE004814F2 /* Project object */ = {
			isa = PBXProject;
			attributes = {
				LastSwiftUpdateCheck = 0830;
				LastUpgradeCheck = 0830;
				ORGANIZATIONNAME = marineinsight;
				TargetAttributes = {
					11DBFE111EAA26FE004814F2 = {
						CreatedOnToolsVersion = 8.3.1;
						ProvisioningStyle = Automatic;
					};
					11DBFE251EAA26FE004814F2 = {
						CreatedOnToolsVersion = 8.3.1;
						ProvisioningStyle = Automatic;
						TestTargetID = 11DBFE111EAA26FE004814F2;
					};
					11DBFE301EAA26FE004814F2 = {
						CreatedOnToolsVersion = 8.3.1;
						ProvisioningStyle = Automatic;
						TestTargetID = 11DBFE111EAA26FE004814F2;
					};
				};
			};
			buildConfigurationList = 11DBFE0D1EAA26FE004814F2 /* Build configuration list for PBXProject "Marine Insight iOS" */;
			compatibilityVersion = "Xcode 3.2";
			developmentRegion = English;
			hasScannedForEncodings = 0;
			knownRegions = (
				en,
				Base,
			);
			mainGroup = 11DBFE091EAA26FE004814F2;
			productRefGroup = 11DBFE131EAA26FE004814F2 /* Products */;
			projectDirPath = "";
			projectRoot = "";
			targets = (
				11DBFE111EAA26FE004814F2 /* Marine Insight iOS */,
				11DBFE251EAA26FE004814F2 /* Marine Insight iOSTests */,
				11DBFE301EAA26FE004814F2 /* Marine Insight iOSUITests */,
			);
		};
/* End PBXProject section */

/* Begin PBXResourcesBuildPhase section */
		11DBFE101EAA26FE004814F2 /* Resources */ = {
			isa = PBXResourcesBuildPhase;
			buildActionMask = 2147483647;
			files = (
				11DBFE201EAA26FE004814F2 /* LaunchScreen.storyboard in Resources */,
				11DBFE1D1EAA26FE004814F2 /* Assets.xcassets in Resources */,
				11DBFE1B1EAA26FE004814F2 /* Main.storyboard in Resources */,
			);
			runOnlyForDeploymentPostprocessing = 0;
		};
		11DBFE241EAA26FE004814F2 /* Resources */ = {
			isa = PBXResourcesBuildPhase;
			buildActionMask = 2147483647;
			files = (
			);
			runOnlyForDeploymentPostprocessing = 0;
		};
		11DBFE2F1EAA26FE004814F2 /* Resources */ = {
			isa = PBXResourcesBuildPhase;
			buildActionMask = 2147483647;
			files = (
			);
			runOnlyForDeploymentPostprocessing = 0;
		};
/* End PBXResourcesBuildPhase section */

/* Begin PBXSourcesBuildPhase section */
		11DBFE0E1EAA26FE004814F2 /* Sources */ = {
			isa = PBXSourcesBuildPhase;
			buildActionMask = 2147483647;
			files = (
				11DBFE181EAA26FE004814F2 /* ViewController.swift in Sources */,
				11DBFE161EAA26FE004814F2 /* AppDelegate.swift in Sources */,
			);
			runOnlyForDeploymentPostprocessing = 0;
		};
		11DBFE221EAA26FE004814F2 /* Sources */ = {
			isa = PBXSourcesBuildPhase;
			buildActionMask = 2147483647;
			files = (
				11DBFE2B1EAA26FE004814F2 /* Marine_Insight_iOSTests.swift in Sources */,
			);
			runOnlyForDeploymentPostprocessing = 0;
		};
		11DBFE2D1EAA26FE004814F2 /* Sources */ = {
			isa = PBXSourcesBuildPhase;
			buildActionMask = 2147483647;
			files = (
				11DBFE361EAA26FE004814F2 /* Marine_Insight_iOSUITests.swift in Sources */,
			);
			runOnlyForDeploymentPostprocessing = 0;
		};
/* End PBXSourcesBuildPhase section */

/* Begin PBXTargetDependency section */
		11DBFE281EAA26FE004814F2 /* PBXTargetDependency */ = {
			isa = PBXTargetDependency;
			target = 11DBFE111EAA26FE004814F2 /* Marine Insight iOS */;
			targetProxy = 11DBFE271EAA26FE004814F2 /* PBXContainerItemProxy */;
		};
		11DBFE331EAA26FE004814F2 /* PBXTargetDependency */ = {
			isa = PBXTargetDependency;
			target = 11DBFE111EAA26FE004814F2 /* Marine Insight iOS */;
			targetProxy = 11DBFE321EAA26FE004814F2 /* PBXContainerItemProxy */;
		};
/* End PBXTargetDependency section */

/* Begin PBXVariantGroup section */
		11DBFE191EAA26FE004814F2 /* Main.storyboard */ = {
			isa = PBXVariantGroup;
			children = (
				11DBFE1A1EAA26FE004814F2 /* Base */,
			);
			name = Main.storyboard;
			sourceTree = "<group>";
		};
		11DBFE1E1EAA26FE004814F2 /* LaunchScreen.storyboard */ = {
			isa = PBXVariantGroup;
			children = (
				11DBFE1F1EAA26FE004814F2 /* Base */,
			);
			name = LaunchScreen.storyboard;
			sourceTree = "<group>";
		};
/* End PBXVariantGroup section */

/* Begin XCBuildConfiguration section */
		11DBFE381EAA26FE004814F2 /* Debug */ = {
			isa = XCBuildConfiguration;
			buildSettings = {
				ALWAYS_SEARCH_USER_PATHS = NO;
				CLANG_ANALYZER_NONNULL = YES;
				CLANG_ANALYZER_NUMBER_OBJECT_CONVERSION = YES_AGGRESSIVE;
				CLANG_CXX_LANGUAGE_STANDARD = "gnu++0x";
				CLANG_CXX_LIBRARY = "libc++";
				CLANG_ENABLE_MODULES = YES;
				CLANG_ENABLE_OBJC_ARC = YES;
				CLANG_WARN_BOOL_CONVERSION = YES;
				CLANG_WARN_CONSTANT_CONVERSION = YES;
				CLANG_WARN_DIRECT_OBJC_ISA_USAGE = YES_ERROR;
				CLANG_WARN_DOCUMENTATION_COMMENTS = YES;
				CLANG_WARN_EMPTY_BODY = YES;
				CLANG_WARN_ENUM_CONVERSION = YES;
				CLANG_WARN_INFINITE_RECURSION = YES;
				CLANG_WARN_INT_CONVERSION = YES;
				CLANG_WARN_OBJC_ROOT_CLASS = YES_ERROR;
				CLANG_WARN_SUSPICIOUS_MOVE = YES;
				CLANG_WARN_UNREACHABLE_CODE = YES;
				CLANG_WARN__DUPLICATE_METHOD_MATCH = YES;
				"CODE_SIGN_IDENTITY[sdk=iphoneos*]" = "iPhone Developer";
				COPY_PHASE_STRIP = NO;
				DEBUG_INFORMATION_FORMAT = dwarf;
				ENABLE_STRICT_OBJC_MSGSEND = YES;
				ENABLE_TESTABILITY = YES;
				GCC_C_LANGUAGE_STANDARD = gnu99;
				GCC_DYNAMIC_NO_PIC = NO;
				GCC_NO_COMMON_BLOCKS = YES;
				GCC_OPTIMIZATION_LEVEL = 0;
				GCC_PREPROCESSOR_DEFINITIONS = (
					"DEBUG=1",
					"$(inherited)",
				);
				GCC_WARN_64_TO_32_BIT_CONVERSION = YES;
				GCC_WARN_ABOUT_RETURN_TYPE = YES_ERROR;
				GCC_WARN_UNDECLARED_SELECTOR = YES;
				GCC_WARN_UNINITIALIZED_AUTOS = YES_AGGRESSIVE;
				GCC_WARN_UNUSED_FUNCTION = YES;
				GCC_WARN_UNUSED_VARIABLE = YES;
				IPHONEOS_DEPLOYMENT_TARGET = 10.3;
				MTL_ENABLE_DEBUG_INFO = YES;
				ONLY_ACTIVE_ARCH = YES;
				SDKROOT = iphoneos;
				SWIFT_ACTIVE_COMPILATION_CONDITIONS = DEBUG;
				SWIFT_OPTIMIZATION_LEVEL = "-Onone";
				TARGETED_DEVICE_FAMILY = "1,2";
			};
			name = Debug;
		};
		11DBFE391EAA26FE004814F2 /* Release */ = {
			isa = XCBuildConfiguration;
			buildSettings = {
				ALWAYS_SEARCH_USER_PATHS = NO;
				CLANG_ANALYZER_NONNULL = YES;
				CLANG_ANALYZER_NUMBER_OBJECT_CONVERSION = YES_AGGRESSIVE;
				CLANG_CXX_LANGUAGE_STANDARD = "gnu++0x";
				CLANG_CXX_LIBRARY = "libc++";
				CLANG_ENABLE_MODULES = YES;
				CLANG_ENABLE_OBJC_ARC = YES;
				CLANG_WARN_BOOL_CONVERSION = YES;
				CLANG_WARN_CONSTANT_CONVERSION = YES;
				CLANG_WARN_DIRECT_OBJC_ISA_USAGE = YES_ERROR;
				CLANG_WARN_DOCUMENTATION_COMMENTS = YES;
				CLANG_WARN_EMPTY_BODY = YES;
				CLANG_WARN_ENUM_CONVERSION = YES;
				CLANG_WARN_INFINITE_RECURSION = YES;
				CLANG_WARN_INT_CONVERSION = YES;
				CLANG_WARN_OBJC_ROOT_CLASS = YES_ERROR;
				CLANG_WARN_SUSPICIOUS_MOVE = YES;
				CLANG_WARN_UNREACHABLE_CODE = YES;
				CLANG_WARN__DUPLICATE_METHOD_MATCH = YES;
				"CODE_SIGN_IDENTITY[sdk=iphoneos*]" = "iPhone Developer";
				COPY_PHASE_STRIP = NO;
				DEBUG_INFORMATION_FORMAT = "dwarf-with-dsym";
				ENABLE_NS_ASSERTIONS = NO;
				ENABLE_STRICT_OBJC_MSGSEND = YES;
				GCC_C_LANGUAGE_STANDARD = gnu99;
				GCC_NO_COMMON_BLOCKS = YES;
				GCC_WARN_64_TO_32_BIT_CONVERSION = YES;
				GCC_WARN_ABOUT_RETURN_TYPE = YES_ERROR;
				GCC_WARN_UNDECLARED_SELECTOR = YES;
				GCC_WARN_UNINITIALIZED_AUTOS = YES_AGGRESSIVE;
				GCC_WARN_UNUSED_FUNCTION = YES;
				GCC_WARN_UNUSED_VARIABLE = YES;
				IPHONEOS_DEPLOYMENT_TARGET = 10.3;
				MTL_ENABLE_DEBUG_INFO = NO;
				SDKROOT = iphoneos;
				SWIFT_OPTIMIZATION_LEVEL = "-Owholemodule";
				TARGETED_DEVICE_FAMILY = "1,2";
				VALIDATE_PRODUCT = YES;
			};
			name = Release;
		};
		11DBFE3B1EAA26FE004814F2 /* Debug */ = {
			isa = XCBuildConfiguration;
			buildSettings = {
				ASSETCATALOG_COMPILER_APPICON_NAME = AppIcon;
				INFOPLIST_FILE = "Marine Insight iOS/Info.plist";
				LD_RUNPATH_SEARCH_PATHS = "$(inherited) @executable_path/Frameworks";
				PRODUCT_BUNDLE_IDENTIFIER = "com.marineinsight.Marine-Insight-iOS";
				PRODUCT_NAME = "$(TARGET_NAME)";
				SWIFT_VERSION = 3.0;
			};
			name = Debug;
		};
		11DBFE3C1EAA26FE004814F2 /* Release */ = {
			isa = XCBuildConfiguration;
			buildSettings = {
				ASSETCATALOG_COMPILER_APPICON_NAME = AppIcon;
				INFOPLIST_FILE = "Marine Insight iOS/Info.plist";
				LD_RUNPATH_SEARCH_PATHS = "$(inherited) @executable_path/Frameworks";
				PRODUCT_BUNDLE_IDENTIFIER = "com.marineinsight.Marine-Insight-iOS";
				PRODUCT_NAME = "$(TARGET_NAME)";
				SWIFT_VERSION = 3.0;
			};
			name = Release;
		};
		11DBFE3E1EAA26FE004814F2 /* Debug */ = {
			isa = XCBuildConfiguration;
			buildSettings = {
				ALWAYS_EMBED_SWIFT_STANDARD_LIBRARIES = YES;
				BUNDLE_LOADER = "$(TEST_HOST)";
				INFOPLIST_FILE = "Marine Insight iOSTests/Info.plist";
				LD_RUNPATH_SEARCH_PATHS = "$(inherited) @executable_path/Frameworks @loader_path/Frameworks";
				PRODUCT_BUNDLE_IDENTIFIER = "com.marineinsight.Marine-Insight-iOSTests";
				PRODUCT_NAME = "$(TARGET_NAME)";
				SWIFT_VERSION = 3.0;
				TEST_HOST = "$(BUILT_PRODUCTS_DIR)/Marine Insight iOS.app/Marine Insight iOS";
			};
			name = Debug;
		};
		11DBFE3F1EAA26FE004814F2 /* Release */ = {
			isa = XCBuildConfiguration;
			buildSettings = {
				ALWAYS_EMBED_SWIFT_STANDARD_LIBRARIES = YES;
				BUNDLE_LOADER = "$(TEST_HOST)";
				INFOPLIST_FILE = "Marine Insight iOSTests/Info.plist";
				LD_RUNPATH_SEARCH_PATHS = "$(inherited) @executable_path/Frameworks @loader_path/Frameworks";
				PRODUCT_BUNDLE_IDENTIFIER = "com.marineinsight.Marine-Insight-iOSTests";
				PRODUCT_NAME = "$(TARGET_NAME)";
				SWIFT_VERSION = 3.0;
				TEST_HOST = "$(BUILT_PRODUCTS_DIR)/Marine Insight iOS.app/Marine Insight iOS";
			};
			name = Release;
		};
		11DBFE411EAA26FE004814F2 /* Debug */ = {
			isa = XCBuildConfiguration;
			buildSettings = {
				ALWAYS_EMBED_SWIFT_STANDARD_LIBRARIES = YES;
				INFOPLIST_FILE = "Marine Insight iOSUITests/Info.plist";
				LD_RUNPATH_SEARCH_PATHS = "$(inherited) @executable_path/Frameworks @loader_path/Frameworks";
				PRODUCT_BUNDLE_IDENTIFIER = "com.marineinsight.Marine-Insight-iOSUITests";
				PRODUCT_NAME = "$(TARGET_NAME)";
				SWIFT_VERSION = 3.0;
				TEST_TARGET_NAME = "Marine Insight iOS";
			};
			name = Debug;
		};
		11DBFE421EAA26FE004814F2 /* Release */ = {
			isa = XCBuildConfiguration;
			buildSettings = {
				ALWAYS_EMBED_SWIFT_STANDARD_LIBRARIES = YES;
				INFOPLIST_FILE = "Marine Insight iOSUITests/Info.plist";
				LD_RUNPATH_SEARCH_PATHS = "$(inherited) @executable_path/Frameworks @loader_path/Frameworks";
				PRODUCT_BUNDLE_IDENTIFIER = "com.marineinsight.Marine-Insight-iOSUITests";
				PRODUCT_NAME = "$(TARGET_NAME)";
				SWIFT_VERSION = 3.0;
				TEST_TARGET_NAME = "Marine Insight iOS";
			};
			name = Release;
		};
/* End XCBuildConfiguration section */

/* Begin XCConfigurationList section */
		11DBFE0D1EAA26FE004814F2 /* Build configuration list for PBXProject "Marine Insight iOS" */ = {
			isa = XCConfigurationList;
			buildConfigurations = (
				11DBFE381EAA26FE004814F2 /* Debug */,
				11DBFE391EAA26FE004814F2 /* Release */,
			);
			defaultConfigurationIsVisible = 0;
			defaultConfigurationName = Release;
		};
		11DBFE3A1EAA26FE004814F2 /* Build configuration list for PBXNativeTarget "Marine Insight iOS" */ = {
			isa = XCConfigurationList;
			buildConfigurations = (
				11DBFE3B1EAA26FE004814F2 /* Debug */,
				11DBFE3C1EAA26FE004814F2 /* Release */,
			);
			defaultConfigurationIsVisible = 0;
		};
		11DBFE3D1EAA26FE004814F2 /* Build configuration list for PBXNativeTarget "Marine Insight iOSTests" */ = {
			isa = XCConfigurationList;
			buildConfigurations = (
				11DBFE3E1EAA26FE004814F2 /* Debug */,
				11DBFE3F1EAA26FE004814F2 /* Release */,
			);
			defaultConfigurationIsVisible = 0;
		};
		11DBFE401EAA26FE004814F2 /* Build configuration list for PBXNativeTarget "Marine Insight iOSUITests" */ = {
			isa = XCConfigurationList;
			buildConfigurations = (
				11DBFE411EAA26FE004814F2 /* Debug */,
				11DBFE421EAA26FE004814F2 /* Release */,
			);
			defaultConfigurationIsVisible = 0;
		};
/* End XCConfigurationList section */
	};
	rootObject = 11DBFE0A1EAA26FE004814F2 /* Project object */;
}
